
Microsoft Visual Studio Solution File, Format Version 12.00
# Visual Studio 15
VisualStudioVersion = 15.0.27703.2035
MinimumVisualStudioVersion = 10.0.40219.1
Project("{8BC9CEB8-8B4A-11D0-8D11-00A0C91BC942}") = "WeChatHookDemo", "WeChatHookDemo\WeChatHookDemo.vcxproj", "{D5A23D7A-F62E-4B80-AAC2-401D01C347BE}"
EndProject
Global
	GlobalSection(SolutionConfigurationPlatforms) = preSolution
		Debug|x64 = Debug|x64
		Debug|x86 = Debug|x86
		Release|x64 = Release|x64
		Release|x86 = Release|x86
	EndGlobalSection
	GlobalSection(ProjectConfigurationPlatforms) = postSolution
		{D5A23D7A-F62E-4B80-AAC2-401D01C347BE}.Debug|x64.ActiveCfg = Debug|x64
		{D5A23D7A-F62E-4B80-AAC2-401D01C347BE}.Debug|x64.Build.0 = Debug|x64
		{D5A23D7A-F62E-4B80-AAC2-401D01C347BE}.Debug|x86.ActiveCfg = Debug|Win32
		{D5A23D7A-F62E-4B80-AAC2-401D01C347BE}.Debug|x86.Build.0 = Debug|Win32
		{D5A23D7A-F62E-4B80-AAC2-401D01C347BE}.Release|x64.ActiveCfg = Release|x64
		{D5A23D7A-F62E-4B80-AAC2-401D01C347BE}.Release|x64.Build.0 = Release|x64
		{D5A23D7A-F62E-4B80-AAC2-401D01C347BE}.Release|x86.ActiveCfg = Release|Win32
		{D5A23D7A-F62E-4B80-AAC2-401D01C347BE}.Release|x86.Build.0 = Release|Win32
	EndGlobalSection
	GlobalSection(SolutionProperties) = preSolution
		HideSolutionNode = FALSE
	EndGlobalSection
	GlobalSection(ExtensibilityGlobals) = postSolution
		SolutionGuid = {F9883528-CB63-4C15-9A65-2D1C8215FD97}
	EndGlobalSection
EndGlobal
